version = 1
revision = 3
requires-python = "==3.11.*"
resolution-markers = [
    "sys_platform == 'win32'",
    "sys_platform == 'emscripten'",
    "sys_platform != 'emscripten' and sys_platform != 'win32'",
]

[[package]]
name = "asgiref"
version = "3.11.1"
source = { registry = "https://pypi.org/simple" }
sdist = { url = "https://files.pythonhosted.org/packages/63/40/f03da1264ae8f7cfdbf9146542e5e7e8100a4c66ab48e791df9a03d3f6c0/asgiref-3.11.1.tar.gz", hash = "sha256:5f184dc43b7e763efe848065441eac62229c9f7b0475f41f80e207a114eda4ce", size = 38550, upload-time = "2026-02-03T13:30:14.33Z" }
wheels = [
    { url = "https://files.pythonhosted.org/packages/5c/0a/a72d10ed65068e115044937873362e6e32fab1b7dce0046aeb224682c989/asgiref-3.11.1-py3-none-any.whl", hash = "sha256:e8667a091e69529631969fd45dc268fa79b99c92c5fcdda727757e52146ec133", size = 24345, upload-time = "2026-02-03T13:30:13.039Z" },
]

[[package]]
name = "boto3"
version = "1.42.87"
source = { registry = "https://pypi.org/simple" }
dependencies = [
    { name = "botocore" },
    { name = "jmespath" },
    { name = "s3transfer" },
]
sdist = { url = "https://files.pythonhosted.org/packages/cb/f6/3f908a1313a8c8d5bf19f0cae3c372dd757569d75e8e3eee4c57fcd4e286/boto3-1.42.87.tar.gz", hash = "sha256:b5b86a826f8f12c7d38679f35bd0135807a6867a21eb8be6dea7c27aeb14ec14", size = 112793, upload-time = "2026-04-09T19:39:50.194Z" }
wheels = [
    { url = "https://files.pythonhosted.org/packages/3b/52/69ebde82ce8b47cdee52b2450b2cbf1b3b107e192a3223bf88a567373d85/boto3-1.42.87-py3-none-any.whl", hash = "sha256:15cc1404b3ccbcfe17bd5834d467b1b28d53d9aca44e3798dc44876ac57362e6", size = 140557, upload-time = "2026-04-09T19:39:47.669Z" },
]

[[package]]
name = "botocore"
version = "1.42.87"
source = { registry = "https://pypi.org/simple" }
dependencies = [
    { name = "jmespath" },
    { name = "python-dateutil" },
    { name = "urllib3" },
]
sdist = { url = "https://files.pythonhosted.org/packages/96/59/606c6cb6d42bf8ca3f422c6345401134e56d671385dc2b80fb4b09c51e67/botocore-1.42.87.tar.gz", hash = "sha256:1c6cc9555c1feec50b290a42de70ba6f04826c009562c2c12bb9990d0258482d", size = 15193113, upload-time = "2026-04-09T19:39:37.492Z" }
wheels = [
    { url = "https://files.pythonhosted.org/packages/ec/1f/94e1b020fd87b52f092fdd111d9800f2411dc113a0957d0d85b7d2c7f247/botocore-1.42.87-py3-none-any.whl", hash = "sha256:32832df27c039cc1a518289afe0f6006296d3df26603b5f66e911457e67f0146", size = 14871982, upload-time = "2026-04-09T19:39:32.847Z" },
]

[[package]]
name = "certifi"
version = "2026.2.25"
source = { registry = "https://pypi.org/simple" }
sdist = { url = "https://files.pythonhosted.org/packages/af/2d/7bf41579a8986e348fa033a31cdd0e4121114f6bce2457e8876010b092dd/certifi-2026.2.25.tar.gz", hash = "sha256:e887ab5cee78ea814d3472169153c2d12cd43b14bd03329a39a9c6e2e80bfba7", size = 155029, upload-time = "2026-02-25T02:54:17.342Z" }
wheels = [
    { url = "https://files.pythonhosted.org/packages/9a/3c/c17fb3ca2d9c3acff52e30b309f538586f9f5b9c9cf454f3845fc9af4881/certifi-2026.2.25-py3-none-any.whl", hash = "sha256:027692e4402ad994f1c42e52a4997a9763c646b73e4096e4d5d6db8af1d6f0fa", size = 153684, upload-time = "2026-02-25T02:54:15.766Z" },
]

[[package]]
name = "colorama"
version = "0.4.6"
source = { registry = "https://pypi.org/simple" }
sdist = { url = "https://files.pythonhosted.org/packages/d8/53/6f443c9a4a8358a93a6792e2acffb9d9d5cb0a5cfd8802644b7b1c9a02e4/colorama-0.4.6.tar.gz", hash = "sha256:08695f5cb7ed6e0531a20572697297273c47b8cae5a63ffc6d6ed5c201be6e44", size = 27697, upload-time = "2022-10-25T02:36:22.414Z" }
wheels = [
    { url = "https://files.pythonhosted.org/packages/d1/d6/3965ed04c63042e047cb6a3e6ed1a63a35087b6a609aa3a15ed8ac56c221/colorama-0.4.6-py2.py3-none-any.whl", hash = "sha256:4f1d9991f5acc0ca119f9d443620b77f9d6b33703e51011c16baf57afb285fc6", size = 25335, upload-time = "2022-10-25T02:36:20.889Z" },
]

[[package]]
name = "cython"
version = "3.0.12"
source = { registry = "https://pypi.org/simple" }
sdist = { url = "https://files.pythonhosted.org/packages/5a/25/886e197c97a4b8e254173002cdc141441e878ff29aaa7d9ba560cd6e4866/cython-3.0.12.tar.gz", hash = "sha256:b988bb297ce76c671e28c97d017b95411010f7c77fa6623dd0bb47eed1aee1bc", size = 2757617, upload-time = "2025-02-11T09:05:50.245Z" }
wheels = [
    { url = "https://files.pythonhosted.org/packages/7e/60/3d27abd940f7b80a6aeb69dc093a892f04828e1dd0b243dd81ff87d7b0e9/Cython-3.0.12-cp311-cp311-macosx_10_9_x86_64.whl", hash = "sha256:feb86122a823937cc06e4c029d80ff69f082ebb0b959ab52a5af6cdd271c5dc3", size = 3277430, upload-time = "2025-02-11T09:06:47.253Z" },
    { url = "https://files.pythonhosted.org/packages/c7/49/f17b0541b317d11f1d021a580643ee2481685157cded92efb32e2fb4daef/Cython-3.0.12-cp311-cp311-manylinux_2_17_aarch64.manylinux2014_aarch64.whl", hash = "sha256:dfdbea486e702c328338314adb8e80f5f9741f06a0ae83aaec7463bc166d12e8", size = 3444055, upload-time = "2025-02-11T09:06:50.807Z" },
    { url = "https://files.pythonhosted.org/packages/6b/7f/c57791ba6a1c934b6f1ab51371e894e3b4bfde0bc35e50046c8754a9d215/Cython-3.0.12-cp311-cp311-manylinux_2_17_x86_64.manylinux2014_x86_64.whl", hash = "sha256:563de1728c8e48869d2380a1b76bbc1b1b1d01aba948480d68c1d05e52d20c92", size = 3597874, upload-time = "2025-02-11T09:06:54.806Z" },
    { url = "https://files.pythonhosted.org/packages/23/24/803a0db3681b3a2ef65a4bebab201e5ae4aef5e6127ae03683476a573aa9/Cython-3.0.12-cp311-cp311-manylinux_2_5_i686.manylinux1_i686.manylinux_2_17_i686.manylinux2014_i686.whl", hash = "sha256:398d4576c1e1f6316282aa0b4a55139254fbed965cba7813e6d9900d3092b128", size = 3644129, upload-time = "2025-02-11T09:06:58.152Z" },
    { url = "https://files.pythonhosted.org/packages/27/13/9b53ba8336e083ece441af8d6d182b8ca83ad523e87c07b3190af379ebc3/Cython-3.0.12-cp311-cp311-musllinux_1_2_aarch64.whl", hash = "sha256:1e5eadef80143026944ea8f9904715a008f5108d1d644a89f63094cc37351e73", size = 3504936, upload-time = "2025-02-11T09:07:01.592Z" },
    { url = "https://files.pythonhosted.org/packages/a9/d2/d11104be6992a9fe256860cae6d1a79f7dcf3bdb12ae00116fac591f677d/Cython-3.0.12-cp311-cp311-musllinux_1_2_x86_64.whl", hash = "sha256:5a93cbda00a5451175b97dea5a9440a3fcee9e54b4cba7a7dbcba9a764b22aec", size = 3713066, upload-time = "2025-02-11T09:07:03.961Z" },
    { url = "https://files.pythonhosted.org/packages/d9/8c/1fe49135296efa3f460c760a4297f6a5b387f3e69ac5c9dcdbd620295ab3/Cython-3.0.12-cp311-cp311-win32.whl", hash = "sha256:3109e1d44425a2639e9a677b66cd7711721a5b606b65867cb2d8ef7a97e2237b", size = 2579935, upload-time = "2025-02-11T09:07:06.947Z" },
    { url = "https://files.pythonhosted.org/packages/02/4e/5ac0b5b9a239cd3fdae187dda8ff06b0b812f671e2501bf253712278f0ac/Cython-3.0.12-cp311-cp311-win_amd64.whl", hash = "sha256:d4b70fc339adba1e2111b074ee6119fe9fd6072c957d8597bce9a0dd1c3c6784", size = 2787337, upload-time = "2025-02-11T09:07:10.087Z" },
    { url = "https://files.pythonhosted.org/packages/27/6b/7c87867d255cbce8167ed99fc65635e9395d2af0f0c915428f5b17ec412d/Cython-3.0.12-py2.py3-none-any.whl", hash = "sha256:0038c9bae46c459669390e53a1ec115f8096b2e4647ae007ff1bf4e6dee92806", size = 1171640, upload-time = "2025-02-11T09:05:45.648Z" },
]

[[package]]
name = "django"
version = "5.2.13"
source = { registry = "https://pypi.org/simple" }
dependencies = [
    { name = "asgiref" },
    { name = "sqlparse" },
    { name = "tzdata", marker = "sys_platform == 'win32'" },
]
sdist = { url = "https://files.pythonhosted.org/packages/1f/c5/c69e338eb2959f641045802e5ea87ca4bf5ac90c5fd08953ca10742fad51/django-5.2.13.tar.gz", hash = "sha256:a31589db5188d074c63f0945c3888fad104627dfcc236fb2b97f71f89da33bc4", size = 10890368, upload-time = "2026-04-07T14:02:15.072Z" }
wheels = [
    { url = "https://files.pythonhosted.org/packages/59/b1/51ab36b2eefcf8cdb9338c7188668a157e29e30306bfc98a379704c9e10d/django-5.2.13-py3-none-any.whl", hash = "sha256:5788fce61da23788a8ce6f02583765ab060d396720924789f97fa42119d37f7a", size = 8310982, upload-time = "2026-04-07T14:02:08.883Z" },
]

[[package]]
name = "django-storages"
version = "1.14.6"
source = { registry = "https://pypi.org/simple" }
dependencies = [
    { name = "django" },
]
sdist = { url = "https://files.pythonhosted.org/packages/ff/d6/2e50e378fff0408d558f36c4acffc090f9a641fd6e084af9e54d45307efa/django_storages-1.14.6.tar.gz", hash = "sha256:7a25ce8f4214f69ac9c7ce87e2603887f7ae99326c316bc8d2d75375e09341c9", size = 87587, upload-time = "2025-04-02T02:34:55.103Z" }
wheels = [
    { url = "https://files.pythonhosted.org/packages/1f/21/3cedee63417bc5553eed0c204be478071c9ab208e5e259e97287590194f1/django_storages-1.14.6-py3-none-any.whl", hash = "sha256:11b7b6200e1cb5ffcd9962bd3673a39c7d6a6109e8096f0e03d46fab3d3aabd9", size = 33095, upload-time = "2025-04-02T02:34:53.291Z" },
]

[[package]]
name = "django-tastypie"
version = "0.15.1"
source = { registry = "https://pypi.org/simple" }
dependencies = [
    { name = "python-dateutil" },
    { name = "python-mimeparse" },
]
sdist = { url = "https://files.pythonhosted.org/packages/d8/96/2e27e872d34f360ac6d02077b0027f4851b6cf049b36ee3add68e1740c27/django_tastypie-0.15.1.tar.gz", hash = "sha256:1eb41318b08c0ebc9b8a386871b45401a623e6a5566bf32ae3e17be2c59318b7", size = 156617, upload-time = "2025-02-23T19:19:45.489Z" }

[[package]]
name = "geoalchemy2"
version = "0.7.0"
source = { registry = "https://pypi.org/simple" }
dependencies = [
    { name = "sqlalchemy" },
]
sdist = { url = "https://files.pythonhosted.org/packages/2f/32/a079daa16532bf223b7662426b3c236604de98953b6c7d3167dbf896e949/GeoAlchemy2-0.7.0.tar.gz", hash = "sha256:ec2a6e9919b522631803ac5922e88b701081da7e5d56a68f10ff263f6592d552", size = 21336, upload-time = "2020-03-17T18:05:55.38Z" }
wheels = [
    { url = "https://files.pythonhosted.org/packages/f7/b0/5730254ba89826c2835e15c7854b1e33c3bbe0433b00a1770a962cd21a7b/GeoAlchemy2-0.7.0-py2.py3-none-any.whl", hash = "sha256:379b0fc4ca5f9b5ef625719f47e22c9b8abd347aa78344e85f99d32594cfccd4", size = 21551, upload-time = "2020-03-17T18:05:53.775Z" },
]

[[package]]
name = "iniconfig"
version = "2.3.0"
source = { registry = "https://pypi.org/simple" }
sdist = { url = "https://files.pythonhosted.org/packages/72/34/14ca021ce8e5dfedc35312d08ba8bf51fdd999c576889fc2c24cb97f4f10/iniconfig-2.3.0.tar.gz", hash = "sha256:c76315c77db068650d49c5b56314774a7804df16fee4402c1f19d6d15d8c4730", size = 20503, upload-time = "2025-10-18T21:55:43.219Z" }
wheels = [
    { url = "https://files.pythonhosted.org/packages/cb/b1/3846dd7f199d53cb17f49cba7e651e9ce294d8497c8c150530ed11865bb8/iniconfig-2.3.0-py3-none-any.whl", hash = "sha256:f631c04d2c48c52b84d0d0549c99ff3859c98df65b3101406327ecc7d53fbf12", size = 7484, upload-time = "2025-10-18T21:55:41.639Z" },
]

[[package]]
name = "jmespath"
version = "0.10.0"
source = { registry = "https://pypi.org/simple" }
sdist = { url = "https://files.pythonhosted.org/packages/3c/56/3f325b1eef9791759784aa5046a8f6a1aff8f7c898a2e34506771d3b99d8/jmespath-0.10.0.tar.gz", hash = "sha256:b85d0567b8666149a93172712e68920734333c0ce7e89b78b3e987f71e5ed4f9", size = 21607, upload-time = "2020-05-12T22:03:47.267Z" }
wheels = [
    { url = "https://files.pythonhosted.org/packages/07/cb/5f001272b6faeb23c1c9e0acc04d48eaaf5c862c17709d20e3469c6e0139/jmespath-0.10.0-py2.py3-none-any.whl", hash = "sha256:cdf6525904cc597730141d61b36f2e4b8ecc257c420fa2f4549bac2c2d0cb72f", size = 24489, upload-time = "2020-05-12T22:03:45.643Z" },
]

[[package]]
name = "numpy"
version = "2.4.4"
source = { registry = "https://pypi.org/simple" }
sdist = { url = "https://files.pythonhosted.org/packages/d7/9f/b8cef5bffa569759033adda9481211426f12f53299629b410340795c2514/numpy-2.4.4.tar.gz", hash = "sha256:2d390634c5182175533585cc89f3608a4682ccb173cc9bb940b2881c8d6f8fa0", size = 20731587, upload-time = "2026-03-29T13:22:01.298Z" }
wheels = [
    { url = "https://files.pythonhosted.org/packages/ef/c6/4218570d8c8ecc9704b5157a3348e486e84ef4be0ed3e38218ab473c83d2/numpy-2.4.4-cp311-cp311-macosx_10_9_x86_64.whl", hash = "sha256:f983334aea213c99992053ede6168500e5f086ce74fbc4acc3f2b00f5762e9db", size = 16976799, upload-time = "2026-03-29T13:18:15.438Z" },
    { url = "https://files.pythonhosted.org/packages/dd/92/b4d922c4a5f5dab9ed44e6153908a5c665b71acf183a83b93b690996e39b/numpy-2.4.4-cp311-cp311-macosx_11_0_arm64.whl", hash = "sha256:72944b19f2324114e9dc86a159787333b77874143efcf89a5167ef83cfee8af0", size = 14971552, upload-time = "2026-03-29T13:18:18.606Z" },
    { url = "https://files.pythonhosted.org/packages/8a/dc/df98c095978fa6ee7b9a9387d1d58cbb3d232d0e69ad169a4ce784bde4fd/numpy-2.4.4-cp311-cp311-macosx_14_0_arm64.whl", hash = "sha256:86b6f55f5a352b48d7fbfd2dbc3d5b780b2d79f4d3c121f33eb6efb22e9a2015", size = 5476566, upload-time = "2026-03-29T13:18:21.532Z" },
    { url = "https://files.pythonhosted.org/packages/28/34/b3fdcec6e725409223dd27356bdf5a3c2cc2282e428218ecc9cb7acc9763/numpy-2.4.4-cp311-cp311-macosx_14_0_x86_64.whl", hash = "sha256:ba1f4fc670ed79f876f70082eff4f9583c15fb9a4b89d6188412de4d18ae2f40", size = 6806482, upload-time = "2026-03-29T13:18:23.634Z" },
    { url = "https://files.pythonhosted.org/packages/68/62/63417c13aa35d57bee1337c67446761dc25ea6543130cf868eace6e8157b/numpy-2.4.4-cp311-cp311-manylinux_2_27_aarch64.manylinux_2_28_aarch64.whl", hash = "sha256:8a87ec22c87be071b6bdbd27920b129b94f2fc964358ce38f3822635a3e2e03d", size = 15973376, upload-time = "2026-03-29T13:18:26.677Z" },
    { url = "https://files.pythonhosted.org/packages/cf/c5/9fcb7e0e69cef59cf10c746b84f7d58b08bc66a6b7d459783c5a4f6101a6/numpy-2.4.4-cp311-cp311-manylinux_2_27_x86_64.manylinux_2_28_x86_64.whl", hash = "sha256:df3775294accfdd75f32c74ae39fcba920c9a378a2fc18a12b6820aa8c1fb502", size = 16925137, upload-time = "2026-03-29T13:18:30.14Z" },
    { url = "https://files.pythonhosted.org/packages/7e/43/80020edacb3f84b9efdd1591120a4296462c23fd8db0dde1666f6ef66f13/numpy-2.4.4-cp311-cp311-musllinux_1_2_aarch64.whl", hash = "sha256:0d4e437e295f18ec29bc79daf55e8a47a9113df44d66f702f02a293d93a2d6dd", size = 17329414, upload-time = "2026-03-29T13:18:33.733Z" },
    { url = "https://files.pythonhosted.org/packages/fd/06/af0658593b18a5f73532d377188b964f239eb0894e664a6c12f484472f97/numpy-2.4.4-cp311-cp311-musllinux_1_2_x86_64.whl", hash = "sha256:6aa3236c78803afbcb255045fbef97a9e25a1f6c9888357d205ddc42f4d6eba5", size = 18658397, upload-time = "2026-03-29T13:18:37.511Z" },
    { url = "https://files.pythonhosted.org/packages/e6/ce/13a09ed65f5d0ce5c7dd0669250374c6e379910f97af2c08c57b0608eee4/numpy-2.4.4-cp311-cp311-win32.whl", hash = "sha256:30caa73029a225b2d40d9fae193e008e24b2026b7ee1a867b7ee8d96ca1a448e", size = 6239499, upload-time = "2026-03-29T13:18:40.372Z" },
    { url = "https://files.pythonhosted.org/packages/bd/63/05d193dbb4b5eec1eca73822d80da98b511f8328ad4ae3ca4caf0f4db91d/numpy-2.4.4-cp311-cp311-win_amd64.whl", hash = "sha256:6bbe4eb67390b0a0265a2c25458f6b90a409d5d069f1041e6aff1e27e3d9a79e", size = 12614257, upload-time = "2026-03-29T13:18:42.95Z" },
    { url = "https://files.pythonhosted.org/packages/87/c5/8168052f080c26fa984c413305012be54741c9d0d74abd7fbeeccae3889f/numpy-2.4.4-cp311-cp311-win_arm64.whl", hash = "sha256:fcfe2045fd2e8f3cb0ce9d4ba6dba6333b8fa05bb8a4939c908cd43322d14c7e", size = 10486775, upload-time = "2026-03-29T13:18:45.835Z" },
    { url = "https://files.pythonhosted.org/packages/6b/33/8fae8f964a4f63ed528264ddf25d2b683d0b663e3cba26961eb838a7c1bd/numpy-2.4.4-pp311-pypy311_pp73-macosx_10_15_x86_64.whl", hash = "sha256:58c8b5929fcb8287cbd6f0a3fae19c6e03a5c48402ae792962ac465224a629a4", size = 16854491, upload-time = "2026-03-29T13:21:38.03Z" },
    { url = "https://files.pythonhosted.org/packages/bc/d0/1aabee441380b981cf8cdda3ae7a46aa827d1b5a8cce84d14598bc94d6d9/numpy-2.4.4-pp311-pypy311_pp73-macosx_11_0_arm64.whl", hash = "sha256:eea7ac5d2dce4189771cedb559c738a71512768210dc4e4753b107a2048b3d0e", size = 14895830, upload-time = "2026-03-29T13:21:41.509Z" },
    { url = "https://files.pythonhosted.org/packages/a5/b8/aafb0d1065416894fccf4df6b49ef22b8db045187949545bced89c034b8e/numpy-2.4.4-pp311-pypy311_pp73-macosx_14_0_arm64.whl", hash = "sha256:51fc224f7ca4d92656d5a5eb315f12eb5fe2c97a66249aa7b5f562528a3be38c", size = 5400927, upload-time = "2026-03-29T13:21:44.747Z" },
    { url = "https://files.pythonhosted.org/packages/d6/77/063baa20b08b431038c7f9ff5435540c7b7265c78cf56012a483019ca72d/numpy-2.4.4-pp311-pypy311_pp73-macosx_14_0_x86_64.whl", hash = "sha256:28a650663f7314afc3e6ec620f44f333c386aad9f6fc472030865dc0ebb26ee3", size = 6715557, upload-time = "2026-03-29T13:21:47.406Z" },
    { url = "https://files.pythonhosted.org/packages/c7/a8/379542d45a14f149444c5c4c4e7714707239ce9cc1de8c2803958889da14/numpy-2.4.4-pp311-pypy311_pp73-manylinux_2_27_aarch64.manylinux_2_28_aarch64.whl", hash = "sha256:19710a9ca9992d7174e9c52f643d4272dcd1558c5f7af7f6f8190f633bd651a7", size = 15804253, upload-time = "2026-03-29T13:21:50.753Z" },
    { url = "https://files.pythonhosted.org/packages/a2/c8/f0a45426d6d21e7ea3310a15cf90c43a14d9232c31a837702dba437f3373/numpy-2.4.4-pp311-pypy311_pp73-manylinux_2_27_x86_64.manylinux_2_28_x86_64.whl", hash = "sha256:9b2aec6af35c113b05695ebb5749a787acd63cafc83086a05771d1e1cd1e555f", size = 16753552, upload-time = "2026-03-29T13:21:54.344Z" },
    { url = "https://files.pythonhosted.org/packages/04/74/f4c001f4714c3ad9ce037e18cf2b9c64871a84951eaa0baf683a9ca9301c/numpy-2.4.4-pp311-pypy311_pp73-win_amd64.whl", hash = "sha256:f2cf083b324a467e1ab358c105f6cad5ea950f50524668a80c486ff1db24e119", size = 12509075, upload-time = "2026-03-29T13:21:57.644Z" },
]

[[package]]
name = "packaging"
version = "26.0"
source = { registry = "https://pypi.org/simple" }
sdist = { url = "https://files.pythonhosted.org/packages/65/ee/299d360cdc32edc7d2cf530f3accf79c4fca01e96ffc950d8a52213bd8e4/packaging-26.0.tar.gz", hash = "sha256:00243ae351a257117b6a241061796684b084ed1c516a08c48a3f7e147a9d80b4", size = 143416, upload-time = "2026-01-21T20:50:39.064Z" }
wheels = [
    { url = "https://files.pythonhosted.org/packages/b7/b9/c538f279a4e237a006a2c98387d081e9eb060d203d8ed34467cc0f0b9b53/packaging-26.0-py3-none-any.whl", hash = "sha256:b36f1fef9334a5588b4166f8bcd26a14e521f2b55e6b9de3aaa80d3ff7a37529", size = 74366, upload-time = "2026-01-21T20:50:37.788Z" },
]

[[package]]
name = "pandas"
version = "3.0.2"
source = { registry = "https://pypi.org/simple" }
dependencies = [
    { name = "numpy" },
    { name = "python-dateutil" },
    { name = "tzdata", marker = "sys_platform == 'emscripten' or sys_platform == 'win32'" },
]
sdist = { url = "https://files.pythonhosted.org/packages/da/99/b342345300f13440fe9fe385c3c481e2d9a595ee3bab4d3219247ac94e9a/pandas-3.0.2.tar.gz", hash = "sha256:f4753e73e34c8d83221ba58f232433fca2748be8b18dbca02d242ed153945043", size = 4645855, upload-time = "2026-03-31T06:48:30.816Z" }
wheels = [
    { url = "https://files.pythonhosted.org/packages/97/35/6411db530c618e0e0005187e35aa02ce60ae4c4c4d206964a2f978217c27/pandas-3.0.2-cp311-cp311-macosx_10_9_x86_64.whl", hash = "sha256:a727a73cbdba2f7458dc82449e2315899d5140b449015d822f515749a46cbbe0", size = 10326926, upload-time = "2026-03-31T06:46:08.29Z" },
    { url = "https://files.pythonhosted.org/packages/c4/d3/b7da1d5d7dbdc5ef52ed7debd2b484313b832982266905315dad5a0bf0b1/pandas-3.0.2-cp311-cp311-macosx_11_0_arm64.whl", hash = "sha256:dbbd4aa20ca51e63b53bbde6a0fa4254b1aaabb74d2f542df7a7959feb1d760c", size = 9926987, upload-time = "2026-03-31T06:46:11.724Z" },
    { url = "https://files.pythonhosted.org/packages/52/77/9b1c2d6070b5dbe239a7bc889e21bfa58720793fb902d1e070695d87c6d0/pandas-3.0.2-cp311-cp311-manylinux_2_24_aarch64.manylinux_2_28_aarch64.whl", hash = "sha256:339dda302bd8369dedeae979cb750e484d549b563c3f54f3922cb8ff4978c5eb", size = 10757067, upload-time = "2026-03-31T06:46:14.903Z" },
    { url = "https://files.pythonhosted.org/packages/20/17/ec40d981705654853726e7ac9aea9ddbb4a5d9cf54d8472222f4f3de06c2/pandas-3.0.2-cp311-cp311-manylinux_2_24_x86_64.manylinux_2_28_x86_64.whl", hash = "sha256:61c2fd96d72b983a9891b2598f286befd4ad262161a609c92dc1652544b46b76", size = 11258787, upload-time = "2026-03-31T06:46:17.683Z" },
    { url = "https://files.pythonhosted.org/packages/90/e3/3f1126d43d3702ca8773871a81c9f15122a1f412342cc56284ffda5b1f70/pandas-3.0.2-cp311-cp311-musllinux_1_2_aarch64.whl", hash = "sha256:c934008c733b8bbea273ea308b73b3156f0181e5b72960790b09c18a2794fe1e", size = 11771616, upload-time = "2026-03-31T06:46:20.532Z" },
    { url = "https://files.pythonhosted.org/packages/2e/cf/0f4e268e1f5062e44a6bda9f925806721cd4c95c2b808a4c82ebe914f96b/pandas-3.0.2-cp311-cp311-musllinux_1_2_x86_64.whl", hash = "sha256:60a80bb4feacbef5e1447a3f82c33209c8b7e07f28d805cfd1fb951e5cb443aa", size = 12337623, upload-time = "2026-03-31T06:46:23.754Z" },
    { url = "https://files.pythonhosted.org/packages/44/a0/97a6339859d4acb2536efb24feb6708e82f7d33b2ed7e036f2983fcced82/pandas-3.0.2-cp311-cp311-win_amd64.whl", hash = "sha256:ed72cb3f45190874eb579c64fa92d9df74e98fd63e2be7f62bce5ace0ade61df", size = 9897372, upload-time = "2026-03-31T06:46:26.703Z" },
    { url = "https://files.pythonhosted.org/packages/8f/eb/781516b808a99ddf288143cec46b342b3016c3414d137da1fdc3290d8860/pandas-3.0.2-cp311-cp311-win_arm64.whl", hash = "sha256:f12b1a9e332c01e09510586f8ca9b108fd631fd656af82e452d7315ef6df5f9f", size = 9154922, upload-time = "2026-03-31T06:46:30.284Z" },
]

[[package]]
name = "pillow"
version = "9.5.0"
source = { registry = "https://pypi.org/simple" }
sdist = { url = "https://files.pythonhosted.org/packages/00/d5/4903f310765e0ff2b8e91ffe55031ac6af77d982f0156061e20a4d1a8b2d/Pillow-9.5.0.tar.gz", hash = "sha256:bf548479d336726d7a0eceb6e767e179fbde37833ae42794602631a070d630f1", size = 50488147, upload-time = "2023-04-01T09:31:37.159Z" }
wheels = [
    { url = "https://files.pythonhosted.org/packages/78/a8/3c2d737d856eb9cd8c18e78f6fe0ed08a2805bded74cbb0455584859023b/Pillow-9.5.0-cp311-cp311-macosx_10_10_x86_64.whl", hash = "sha256:7ec6f6ce99dab90b52da21cf0dc519e21095e332ff3b399a357c187b1a5eee32", size = 3395792, upload-time = "2023-04-01T09:28:38.917Z" },
    { url = "https://files.pythonhosted.org/packages/a9/15/310cde63cb15a091de889ded26281924cf9cfa5c000b36b06bd0c7f50261/Pillow-9.5.0-cp311-cp311-macosx_11_0_arm64.whl", hash = "sha256:560737e70cb9c6255d6dcba3de6578a9e2ec4b573659943a5e7e4af13f298f5c", size = 3077092, upload-time = "2023-04-01T09:28:41.28Z" },
    { url = "https://files.pythonhosted.org/packages/17/66/20db69c0361902a2f6ee2086d3e83c70133e3fb4cb31470e59a8ed37184e/Pillow-9.5.0-cp311-cp311-manylinux_2_17_aarch64.manylinux2014_aarch64.whl", hash = "sha256:96e88745a55b88a7c64fa49bceff363a1a27d9a64e04019c2281049444a571e3", size = 3112543, upload-time = "2023-04-01T09:28:43.89Z" },
    { url = "https://files.pythonhosted.org/packages/5c/a8/ff526cdec6b56eb20c992e7083f02c8065049ed1e62fbc159390d7a3dd5e/Pillow-9.5.0-cp311-cp311-manylinux_2_17_i686.manylinux2014_i686.whl", hash = "sha256:d9c206c29b46cfd343ea7cdfe1232443072bbb270d6a46f59c259460db76779a", size = 3386654, upload-time = "2023-04-01T09:28:46.378Z" },
    { url = "https://files.pythonhosted.org/packages/3b/70/e9a45a2e9c58c23e023fcda5af9686f5b42c718cc9bc86194e0025cf0ec5/Pillow-9.5.0-cp311-cp311-manylinux_2_17_x86_64.manylinux2014_x86_64.whl", hash = "sha256:cfcc2c53c06f2ccb8976fb5c71d448bdd0a07d26d8e07e321c103416444c7ad1", size = 3308566, upload-time = "2023-04-01T09:28:49.521Z" },
    { url = "https://files.pythonhosted.org/packages/61/a5/ee306d6cc53c9a30c23ba2313b43b67fdf76c611ca5afd0cdd62922cbd3e/Pillow-9.5.0-cp311-cp311-manylinux_2_28_aarch64.whl", hash = "sha256:a0f9bb6c80e6efcde93ffc51256d5cfb2155ff8f78292f074f60f9e70b942d99", size = 3164027, upload-time = "2023-04-01T09:28:52.295Z" },
    { url = "https://files.pythonhosted.org/packages/3d/59/e6bd2c3715ace343d9739276ceed79657fe116923238d102cf731ab463dd/Pillow-9.5.0-cp311-cp311-manylinux_2_28_x86_64.whl", hash = "sha256:8d935f924bbab8f0a9a28404422da8af4904e36d5c33fc6f677e4c4485515625", size = 3415610, upload-time = "2023-04-01T09:28:54.667Z" },
    { url = "https://files.pythonhosted.org/packages/9a/6d/9beb596ba5a5e61081c843187bcdbb42a5c9a9ef552751b554894247da7a/Pillow-9.5.0-cp311-cp311-musllinux_1_1_aarch64.whl", hash = "sha256:fed1e1cf6a42577953abbe8e6cf2fe2f566daebde7c34724ec8803c4c0cda579", size = 3350704, upload-time = "2023-04-01T09:28:57.098Z" },
    { url = "https://files.pythonhosted.org/packages/1e/e4/de633d85be3b3c770c554a37a89e8273069bd19c34b15a419c2795600310/Pillow-9.5.0-cp311-cp311-musllinux_1_1_x86_64.whl", hash = "sha256:c1170d6b195555644f0616fd6ed929dfcf6333b8675fcca044ae5ab110ded296", size = 3414604, upload-time = "2023-04-01T09:29:03.375Z" },
    { url = "https://files.pythonhosted.org/packages/46/a0/e410f655300932308e70e883dd60c0c51e6f74bed138641ea9193e64fd7c/Pillow-9.5.0-cp311-cp311-win32.whl", hash = "sha256:54f7102ad31a3de5666827526e248c3530b3a33539dbda27c6843d19d72644ec", size = 2211929, upload-time = "2023-04-01T09:29:06.338Z" },
    { url = "https://files.pythonhosted.org/packages/0c/02/7729c8aecbc525b560c7eb283ffa34c6f5a6d0ed6d1339570c65a3e63088/Pillow-9.5.0-cp311-cp311-win_amd64.whl", hash = "sha256:cfa4561277f677ecf651e2b22dc43e8f5368b74a25a8f7d1d4a3a243e573f2d4", size = 2511551, upload-time = "2023-04-01T09:29:08.636Z" },
    { url = "https://files.pythonhosted.org/packages/b9/8b/d38cc68796be4ac238db327682a1acfbc5deccf64a150aa44ee1efbaafae/Pillow-9.5.0-cp311-cp311-win_arm64.whl", hash = "sha256:965e4a05ef364e7b973dd17fc765f42233415974d773e82144c9bbaaaea5d089", size = 2489206, upload-time = "2023-04-01T20:01:51.312Z" },
]

[[package]]
name = "pluggy"
version = "1.6.0"
source = { registry = "https://pypi.org/simple" }
sdist = { url = "https://files.pythonhosted.org/packages/f9/e2/3e91f31a7d2b083fe6ef3fa267035b518369d9511ffab804f839851d2779/pluggy-1.6.0.tar.gz", hash = "sha256:7dcc130b76258d33b90f61b658791dede3486c3e6bfb003ee5c9bfb396dd22f3", size = 69412, upload-time = "2025-05-15T12:30:07.975Z" }
wheels = [
    { url = "https://files.pythonhosted.org/packages/54/20/4d324d65cc6d9205fabedc306948156824eb9f0ee1633355a8f7ec5c66bf/pluggy-1.6.0-py3-none-any.whl", hash = "sha256:e920276dd6813095e9377c0bc5566d94c932c33b27a3e3945d8389c374dd4746", size = 20538, upload-time = "2025-05-15T12:30:06.134Z" },
]

[[package]]
name = "psycopg2-binary"
version = "2.9.11"
source = { registry = "https://pypi.org/simple" }
sdist = { url = "https://files.pythonhosted.org/packages/ac/6c/8767aaa597ba424643dc87348c6f1754dd9f48e80fdc1b9f7ca5c3a7c213/psycopg2-binary-2.9.11.tar.gz", hash = "sha256:b6aed9e096bf63f9e75edf2581aa9a7e7186d97ab5c177aa6c87797cd591236c", size = 379620, upload-time = "2025-10-10T11:14:48.041Z" }
wheels = [
    { url = "https://files.pythonhosted.org/packages/c7/ae/8d8266f6dd183ab4d48b95b9674034e1b482a3f8619b33a0d86438694577/psycopg2_binary-2.9.11-cp311-cp311-macosx_10_9_x86_64.whl", hash = "sha256:0e8480afd62362d0a6a27dd09e4ca2def6fa50ed3a4e7c09165266106b2ffa10", size = 3756452, upload-time = "2025-10-10T11:11:11.583Z" },
    { url = "https://files.pythonhosted.org/packages/4b/34/aa03d327739c1be70e09d01182619aca8ebab5970cd0cfa50dd8b9cec2ac/psycopg2_binary-2.9.11-cp311-cp311-macosx_11_0_arm64.whl", hash = "sha256:763c93ef1df3da6d1a90f86ea7f3f806dc06b21c198fa87c3c25504abec9404a", size = 3863957, upload-time = "2025-10-10T11:11:16.932Z" },
    { url = "https://files.pythonhosted.org/packages/48/89/3fdb5902bdab8868bbedc1c6e6023a4e08112ceac5db97fc2012060e0c9a/psycopg2_binary-2.9.11-cp311-cp311-manylinux2014_aarch64.manylinux_2_17_aarch64.whl", hash = "sha256:2e164359396576a3cc701ba8af4751ae68a07235d7a380c631184a611220d9a4", size = 4410955, upload-time = "2025-10-10T11:11:21.21Z" },
    { url = "https://files.pythonhosted.org/packages/ce/24/e18339c407a13c72b336e0d9013fbbbde77b6fd13e853979019a1269519c/psycopg2_binary-2.9.11-cp311-cp311-manylinux2014_ppc64le.manylinux_2_17_ppc64le.whl", hash = "sha256:d57c9c387660b8893093459738b6abddbb30a7eab058b77b0d0d1c7d521ddfd7", size = 4468007, upload-time = "2025-10-10T11:11:24.831Z" },
    { url = "https://files.pythonhosted.org/packages/91/7e/b8441e831a0f16c159b5381698f9f7f7ed54b77d57bc9c5f99144cc78232/psycopg2_binary-2.9.11-cp311-cp311-manylinux2014_x86_64.manylinux_2_17_x86_64.whl", hash = "sha256:2c226ef95eb2250974bf6fa7a842082b31f68385c4f3268370e3f3870e7859ee", size = 4165012, upload-time = "2025-10-10T11:11:29.51Z" },
    { url = "https://files.pythonhosted.org/packages/0d/61/4aa89eeb6d751f05178a13da95516c036e27468c5d4d2509bb1e15341c81/psycopg2_binary-2.9.11-cp311-cp311-manylinux_2_38_riscv64.manylinux_2_39_riscv64.whl", hash = "sha256:a311f1edc9967723d3511ea7d2708e2c3592e3405677bf53d5c7246753591fbb", size = 3981881, upload-time = "2025-10-30T02:55:07.332Z" },
    { url = "https://files.pythonhosted.org/packages/76/a1/2f5841cae4c635a9459fe7aca8ed771336e9383b6429e05c01267b0774cf/psycopg2_binary-2.9.11-cp311-cp311-musllinux_1_2_aarch64.whl", hash = "sha256:ebb415404821b6d1c47353ebe9c8645967a5235e6d88f914147e7fd411419e6f", size = 3650985, upload-time = "2025-10-10T11:11:34.975Z" },
    { url = "https://files.pythonhosted.org/packages/84/74/4defcac9d002bca5709951b975173c8c2fa968e1a95dc713f61b3a8d3b6a/psycopg2_binary-2.9.11-cp311-cp311-musllinux_1_2_ppc64le.whl", hash = "sha256:f07c9c4a5093258a03b28fab9b4f151aa376989e7f35f855088234e656ee6a94", size = 3296039, upload-time = "2025-10-10T11:11:40.432Z" },
    { url = "https://files.pythonhosted.org/packages/6d/c2/782a3c64403d8ce35b5c50e1b684412cf94f171dc18111be8c976abd2de1/psycopg2_binary-2.9.11-cp311-cp311-musllinux_1_2_riscv64.whl", hash = "sha256:00ce1830d971f43b667abe4a56e42c1e2d594b32da4802e44a73bacacb25535f", size = 3043477, upload-time = "2025-10-30T02:55:11.182Z" },
    { url = "https://files.pythonhosted.org/packages/c8/31/36a1d8e702aa35c38fc117c2b8be3f182613faa25d794b8aeaab948d4c03/psycopg2_binary-2.9.11-cp311-cp311-musllinux_1_2_x86_64.whl", hash = "sha256:cffe9d7697ae7456649617e8bb8d7a45afb71cd13f7ab22af3e5c61f04840908", size = 3345842, upload-time = "2025-10-10T11:11:45.366Z" },
    { url = "https://files.pythonhosted.org/packages/6e/b4/a5375cda5b54cb95ee9b836930fea30ae5a8f14aa97da7821722323d979b/psycopg2_binary-2.9.11-cp311-cp311-win_amd64.whl", hash = "sha256:304fd7b7f97eef30e91b8f7e720b3db75fee010b520e434ea35ed1ff22501d03", size = 2713894, upload-time = "2025-10-10T11:11:48.775Z" },
]

[[package]]
name = "pygments"
version = "2.20.0"
source = { registry = "https://pypi.org/simple" }
sdist = { url = "https://files.pythonhosted.org/packages/c3/b2/bc9c9196916376152d655522fdcebac55e66de6603a76a02bca1b6414f6c/pygments-2.20.0.tar.gz", hash = "sha256:6757cd03768053ff99f3039c1a36d6c0aa0b263438fcab17520b30a303a82b5f", size = 4955991, upload-time = "2026-03-29T13:29:33.898Z" }
wheels = [
    { url = "https://files.pythonhosted.org/packages/f4/7e/a72dd26f3b0f4f2bf1dd8923c85f7ceb43172af56d63c7383eb62b332364/pygments-2.20.0-py3-none-any.whl", hash = "sha256:81a9e26dd42fd28a23a2d169d86d7ac03b46e2f8b59ed4698fb4785f946d0176", size = 1231151, upload-time = "2026-03-29T13:29:30.038Z" },
]

[[package]]
name = "pyproj"
version = "3.6.1"
source = { registry = "https://pypi.org/simple" }
dependencies = [
    { name = "certifi" },
]
sdist = { url = "https://files.pythonhosted.org/packages/7d/84/2b39bbf888c753ea48b40d47511548c77aa03445465c35cc4c4e9649b643/pyproj-3.6.1.tar.gz", hash = "sha256:44aa7c704c2b7d8fb3d483bbf75af6cb2350d30a63b144279a09b75fead501bf", size = 225131, upload-time = "2023-09-21T02:07:51.593Z" }
wheels = [
    { url = "https://files.pythonhosted.org/packages/84/a6/a300c1b14b2112e966e9f90b18f9c13b586bdcf417207cee913ae9005da3/pyproj-3.6.1-cp311-cp311-macosx_10_9_x86_64.whl", hash = "sha256:ebfbdbd0936e178091309f6cd4fcb4decd9eab12aa513cdd9add89efa3ec2882", size = 6147442, upload-time = "2023-09-21T02:07:21.879Z" },
    { url = "https://files.pythonhosted.org/packages/30/bd/b9bd3761f08754e8dbb34c5a647db2099b348ab5da338e90980caf280e37/pyproj-3.6.1-cp311-cp311-macosx_11_0_arm64.whl", hash = "sha256:447db19c7efad70ff161e5e46a54ab9cc2399acebb656b6ccf63e4bc4a04b97a", size = 4880331, upload-time = "2023-09-21T02:10:40.828Z" },
    { url = "https://files.pythonhosted.org/packages/f4/0a/d82aeeb605b5d6870bc72307c3b5e044e632eb7720df8885e144f51a8eac/pyproj-3.6.1-cp311-cp311-manylinux_2_17_aarch64.manylinux2014_aarch64.whl", hash = "sha256:e7e13c40183884ec7f94eb8e0f622f08f1d5716150b8d7a134de48c6110fee85", size = 6192425, upload-time = "2023-09-21T02:17:09.049Z" },
    { url = "https://files.pythonhosted.org/packages/64/90/dfe5c00de1ca4dbb82606e79790659d4ed7f0ed8d372bccb3baca2a5abe0/pyproj-3.6.1-cp311-cp311-manylinux_2_17_x86_64.manylinux2014_x86_64.whl", hash = "sha256:65ad699e0c830e2b8565afe42bd58cc972b47d829b2e0e48ad9638386d994915", size = 8571478, upload-time = "2023-09-21T02:07:23.771Z" },
    { url = "https://files.pythonhosted.org/packages/14/6d/ae373629a1723f0db80d7b8c93598b00d9ecb930ed9ebf4f35826a33e97c/pyproj-3.6.1-cp311-cp311-win32.whl", hash = "sha256:8b8acc31fb8702c54625f4d5a2a6543557bec3c28a0ef638778b7ab1d1772132", size = 5634575, upload-time = "2023-09-21T02:07:26.535Z" },
    { url = "https://files.pythonhosted.org/packages/79/95/eb68113c5b5737c342bde1bab92705dabe69c16299c5a122616e50f1fbd6/pyproj-3.6.1-cp311-cp311-win_amd64.whl", hash = "sha256:38a3361941eb72b82bd9a18f60c78b0df8408416f9340521df442cebfc4306e2", size = 6088494, upload-time = "2023-09-21T02:07:28.75Z" },
]

[[package]]
name = "pytest"
version = "9.0.2"
source = { registry = "https://pypi.org/simple" }
dependencies = [
    { name = "colorama", marker = "sys_platform == 'win32'" },
    { name = "iniconfig" },
    { name = "packaging" },
    { name = "pluggy" },
    { name = "pygments" },
]
sdist = { url = "https://files.pythonhosted.org/packages/d1/db/7ef3487e0fb0049ddb5ce41d3a49c235bf9ad299b6a25d5780a89f19230f/pytest-9.0.2.tar.gz", hash = "sha256:75186651a92bd89611d1d9fc20f0b4345fd827c41ccd5c299a868a05d70edf11", size = 1568901, upload-time = "2025-12-06T21:30:51.014Z" }
wheels = [
    { url = "https://files.pythonhosted.org/packages/3b/ab/b3226f0bd7cdcf710fbede2b3548584366da3b19b5021e74f5bde2a8fa3f/pytest-9.0.2-py3-none-any.whl", hash = "sha256:711ffd45bf766d5264d487b917733b453d917afd2b0ad65223959f59089f875b", size = 374801, upload-time = "2025-12-06T21:30:49.154Z" },
]

[[package]]
name = "pytest-django"
version = "4.12.0"
source = { registry = "https://pypi.org/simple" }
dependencies = [
    { name = "pytest" },
]
sdist = { url = "https://files.pythonhosted.org/packages/13/2b/db9a193df89e5660137f5428063bcc2ced7ad790003b26974adf5c5ceb3b/pytest_django-4.12.0.tar.gz", hash = "sha256:df94ec819a83c8979c8f6de13d9cdfbe76e8c21d39473cfe2b40c9fc9be3c758", size = 91156, upload-time = "2026-02-14T18:40:49.235Z" }
wheels = [
    { url = "https://files.pythonhosted.org/packages/83/a5/41d091f697c09609e7ef1d5d61925494e0454ebf51de7de05f0f0a728f1d/pytest_django-4.12.0-py3-none-any.whl", hash = "sha256:3ff300c49f8350ba2953b90297d23bf5f589db69545f56f1ec5f8cff5da83e85", size = 26123, upload-time = "2026-02-14T18:40:47.381Z" },
]

[[package]]
name = "python-dateutil"
version = "2.9.0.post0"
source = { registry = "https://pypi.org/simple" }
dependencies = [
    { name = "six" },
]
sdist = { url = "https://files.pythonhosted.org/packages/66/c0/0c8b6ad9f17a802ee498c46e004a0eb49bc148f2fd230864601a86dcf6db/python-dateutil-2.9.0.post0.tar.gz", hash = "sha256:37dd54208da7e1cd875388217d5e00ebd4179249f90fb72437e91a35459a0ad3", size = 342432, upload-time = "2024-03-01T18:36:20.211Z" }
wheels = [
    { url = "https://files.pythonhosted.org/packages/ec/57/56b9bcc3c9c6a792fcbaf139543cee77261f3651ca9da0c93f5c1221264b/python_dateutil-2.9.0.post0-py2.py3-none-any.whl", hash = "sha256:a8b2bc7bffae282281c8140a97d3aa9c14da0b136dfe83f850eea9a5f7470427", size = 229892, upload-time = "2024-03-01T18:36:18.57Z" },
]

[[package]]
name = "python-mimeparse"
version = "2.0.0"
source = { registry = "https://pypi.org/simple" }
sdist = { url = "https://files.pythonhosted.org/packages/cd/85/c40f2e0b2128905f6c34894be01803c114f2b2efab0e8b4c3dca5e56b999/python_mimeparse-2.0.0.tar.gz", hash = "sha256:5b9a9dcf7aa82465e31bd667f5cb7000604811dce83554f1c8a43693a32cb303", size = 7162, upload-time = "2024-08-25T13:38:14.966Z" }
wheels = [
    { url = "https://files.pythonhosted.org/packages/65/d9/1093a9d6d22d04d433003c96b9b1d46741b43fee5b11ece5098297737fce/python_mimeparse-2.0.0-py3-none-any.whl", hash = "sha256:574062a06f2e1d416535c8d3b83ccc6ebe95941e74e2c5939fc010a12e37cc09", size = 5576, upload-time = "2024-08-25T13:38:13.372Z" },
]

[[package]]
name = "s3transfer"
version = "0.16.0"
source = { registry = "https://pypi.org/simple" }
dependencies = [
    { name = "botocore" },
]
sdist = { url = "https://files.pythonhosted.org/packages/05/04/74127fc843314818edfa81b5540e26dd537353b123a4edc563109d8f17dd/s3transfer-0.16.0.tar.gz", hash = "sha256:8e990f13268025792229cd52fa10cb7163744bf56e719e0b9cb925ab79abf920", size = 153827, upload-time = "2025-12-01T02:30:59.114Z" }
wheels = [
    { url = "https://files.pythonhosted.org/packages/fc/51/727abb13f44c1fcf6d145979e1535a35794db0f6e450a0cb46aa24732fe2/s3transfer-0.16.0-py3-none-any.whl", hash = "sha256:18e25d66fed509e3868dc1572b3f427ff947dd2c56f844a5bf09481ad3f3b2fe", size = 86830, upload-time = "2025-12-01T02:30:57.729Z" },
]

[[package]]
name = "six"
version = "1.17.0"
source = { registry = "https://pypi.org/simple" }
sdist = { url = "https://files.pythonhosted.org/packages/94/e7/b2c673351809dca68a0e064b6af791aa332cf192da575fd474ed7d6f16a2/six-1.17.0.tar.gz", hash = "sha256:ff70335d468e7eb6ec65b95b99d3a2836546063f63acc5171de367e834932a81", size = 34031, upload-time = "2024-12-04T17:35:28.174Z" }
wheels = [
    { url = "https://files.pythonhosted.org/packages/b7/ce/149a00dd41f10bc29e5921b496af8b574d8413afcd5e30dfa0ed46c2cc5e/six-1.17.0-py2.py3-none-any.whl", hash = "sha256:4721f391ed90541fddacab5acf947aa0d3dc7d27b2e1e8eda2be8970586c3274", size = 11050, upload-time = "2024-12-04T17:35:26.475Z" },
]

[[package]]
name = "sqlalchemy"
version = "1.3.24"
source = { registry = "https://pypi.org/simple" }
sdist = { url = "https://files.pythonhosted.org/packages/c5/ab/81bef2f960abf3cdaf32fbf1994f0c6f5e6a5f1667b5713ed6ebf162b6a2/SQLAlchemy-1.3.24.tar.gz", hash = "sha256:ebbb777cbf9312359b897bf81ba00dae0f5cb69fba2a18265dcc18a6f5ef7519", size = 6353598, upload-time = "2021-03-30T23:04:30.273Z" }

[[package]]
name = "sqlparse"
version = "0.5.5"
source = { registry = "https://pypi.org/simple" }
sdist = { url = "https://files.pythonhosted.org/packages/90/76/437d71068094df0726366574cf3432a4ed754217b436eb7429415cf2d480/sqlparse-0.5.5.tar.gz", hash = "sha256:e20d4a9b0b8585fdf63b10d30066c7c94c5d7a7ec47c889a2d83a3caa93ff28e", size = 120815, upload-time = "2025-12-19T07:17:45.073Z" }
wheels = [
    { url = "https://files.pythonhosted.org/packages/49/4b/359f28a903c13438ef59ebeee215fb25da53066db67b305c125f1c6d2a25/sqlparse-0.5.5-py3-none-any.whl", hash = "sha256:12a08b3bf3eec877c519589833aed092e2444e68240a3577e8e26148acc7b1ba", size = 46138, upload-time = "2025-12-19T07:17:46.573Z" },
]

[[package]]
name = "tablo"
version = "3.1.0"
source = { virtual = "." }
dependencies = [
    { name = "boto3" },
    { name = "cython" },
    { name = "django" },
    { name = "django-storages" },
    { name = "django-tastypie" },
    { name = "geoalchemy2" },
    { name = "numpy" },
    { name = "pandas" },
    { name = "pillow" },
    { name = "psycopg2-binary" },
    { name = "pyproj" },
    { name = "sqlalchemy" },
    { name = "sqlparse" },
]

[package.dev-dependencies]
dev = [
    { name = "pytest" },
    { name = "pytest-django" },
]

[package.metadata]
requires-dist = [
    { name = "boto3", specifier = "==1.42.*" },
    { name = "cython", specifier = "<3.1" },
    { name = "django", specifier = "==5.2.*" },
    { name = "django-storages", specifier = "==1.14.*" },
    { name = "django-tastypie", specifier = "==0.15.*" },
    { name = "geoalchemy2", specifier = "==0.7.*" },
    { name = "numpy", specifier = ">=2.4.4,<3.0" },
    { name = "pandas", specifier = "==3.*" },
    { name = "pillow", specifier = ">=9.0.1,<10.0" },
    { name = "psycopg2-binary" },
    { name = "pyproj", specifier = "<3.7" },
    { name = "sqlalchemy", specifier = "==1.3.*" },
    { name = "sqlparse", specifier = ">=0.3.1" },
]

[package.metadata.requires-dev]
dev = [
    { name = "pytest", specifier = ">=9.0.2" },
    { name = "pytest-django", specifier = ">=4.12.0" },
]

[[package]]
name = "tzdata"
version = "2025.3"
source = { registry = "https://pypi.org/simple" }
sdist = { url = "https://files.pythonhosted.org/packages/5e/a7/c202b344c5ca7daf398f3b8a477eeb205cf3b6f32e7ec3a6bac0629ca975/tzdata-2025.3.tar.gz", hash = "sha256:de39c2ca5dc7b0344f2eba86f49d614019d29f060fc4ebc8a417896a620b56a7", size = 196772, upload-time = "2025-12-13T17:45:35.667Z" }
wheels = [
    { url = "https://files.pythonhosted.org/packages/c7/b0/003792df09decd6849a5e39c28b513c06e84436a54440380862b5aeff25d/tzdata-2025.3-py2.py3-none-any.whl", hash = "sha256:06a47e5700f3081aab02b2e513160914ff0694bce9947d6b76ebd6bf57cfc5d1", size = 348521, upload-time = "2025-12-13T17:45:33.889Z" },
]

[[package]]
name = "urllib3"
version = "1.25.11"
source = { registry = "https://pypi.org/simple" }
sdist = { url = "https://files.pythonhosted.org/packages/76/d9/bbbafc76b18da706451fa91bc2ebe21c0daf8868ef3c30b869ac7cb7f01d/urllib3-1.25.11.tar.gz", hash = "sha256:8d7eaa5a82a1cac232164990f04874c594c9453ec55eef02eab885aa02fc17a2", size = 260300, upload-time = "2020-10-19T14:17:23.83Z" }
wheels = [
    { url = "https://files.pythonhosted.org/packages/56/aa/4ef5aa67a9a62505db124a5cb5262332d1d4153462eb8fd89c9fa41e5d92/urllib3-1.25.11-py2.py3-none-any.whl", hash = "sha256:f5321fbe4bf3fefa0efd0bfe7fb14e90909eb62a48ccda331726b4319897dd5e", size = 127978, upload-time = "2020-10-19T14:17:20.705Z" },
]
